{
  "object": {
    "pins": [
      {
        "package": "SSLService",
        "repositoryURL": "https://github.com/IBM-Swift/BlueSSLService.git",
        "state": {
          "branch": null,
          "revision": "7adf7cacc447d447df5dcc3058cabd402177c5aa",
          "version": "0.12.64"
        }
      },
      {
        "package": "Socket",
        "repositoryURL": "https://github.com/IBM-Swift/BlueSocket.git",
        "state": {
          "branch": null,
          "revision": "00b126a2c19520bbf51cd26e8c0cc41dacbc5a05",
          "version": "0.12.76"
        }
      }
    ]
  },
  "version": 1
}
